
Microsoft Visual Studio Solution File, Format Version 12.00
# Visual Studio Version 16
VisualStudioVersion = 16.0.29519.87
MinimumVisualStudioVersion = 10.0.40219.1
Project("{FAE04EC0-301F-11D3-BF4B-00C04F79EFBC}") = "AcceptedAssignment", "AcceptedAssignment\AcceptedAssignment.csproj", "{DFC6F4AA-5C25-4923-8382-5A83E276E90D}"
EndProject
Global
	GlobalSection(SolutionConfigurationPlatforms) = preSolution
		Debug|Any CPU = Debug|Any CPU
		Release|Any CPU = Release|Any CPU
	EndGlobalSection
	GlobalSection(ProjectConfigurationPlatforms) = postSolution
		{DFC6F4AA-5C25-4923-8382-5A83E276E90D}.Debug|Any CPU.ActiveCfg = Debug|Any CPU
		{DFC6F4AA-5C25-4923-8382-5A83E276E90D}.Debug|Any CPU.Build.0 = Debug|Any CPU
		{DFC6F4AA-5C25-4923-8382-5A83E276E90D}.Release|Any CPU.ActiveCfg = Release|Any CPU
		{DFC6F4AA-5C25-4923-8382-5A83E276E90D}.Release|Any CPU.Build.0 = Release|Any CPU
	EndGlobalSection
	GlobalSection(SolutionProperties) = preSolution
		HideSolutionNode = FALSE
	EndGlobalSection
	GlobalSection(ExtensibilityGlobals) = postSolution
		SolutionGuid = {A2F4296D-A545-488E-8FCC-20A69BCFD5F0}
	EndGlobalSection
EndGlobal
